
Microsoft Visual Studio Solution File, Format Version 12.00
# Visual Studio Version 17
VisualStudioVersion = 17.14.36414.22 d17.14
MinimumVisualStudioVersion = 10.0.40219.1
Project("{FAE04EC0-301F-11D3-BF4B-00C04F79EFBC}") = "FunctionsMcp", "FunctionsMcp.csproj", "{74589E4D-1BA5-C072-5A75-AED8E19D1039}"
EndProject
Global
	GlobalSection(SolutionConfigurationPlatforms) = preSolution
		Debug|Any CPU = Debug|Any CPU
		Release|Any CPU = Release|Any CPU
	EndGlobalSection
	GlobalSection(ProjectConfigurationPlatforms) = postSolution
		{74589E4D-1BA5-C072-5A75-AED8E19D1039}.Debug|Any CPU.ActiveCfg = Debug|Any CPU
		{74589E4D-1BA5-C072-5A75-AED8E19D1039}.Debug|Any CPU.Build.0 = Debug|Any CPU
		{74589E4D-1BA5-C072-5A75-AED8E19D1039}.Release|Any CPU.ActiveCfg = Release|Any CPU
		{74589E4D-1BA5-C072-5A75-AED8E19D1039}.Release|Any CPU.Build.0 = Release|Any CPU
	EndGlobalSection
	GlobalSection(SolutionProperties) = preSolution
		HideSolutionNode = FALSE
	EndGlobalSection
	GlobalSection(ExtensibilityGlobals) = postSolution
		SolutionGuid = {51C007E2-B7DE-47B4-A1EC-246EF7918BE2}
	EndGlobalSection
EndGlobal
